
Microsoft Visual Studio Solution File, Format Version 12.00
# Visual Studio Version 17
VisualStudioVersion = 17.1.32319.34
MinimumVisualStudioVersion = 10.0.40219.1
Project("{2150E333-8FDC-42A3-9474-1A3956D46DE8}") = "App", "App", "{7676D593-672F-4ECF-9507-62CFAC8D7CBE}"
EndProject
Project("{9A19103F-16F7-4668-BE54-9A1E7A4F7556}") = "ShortLinksApi.App", "ShortLinkApiApp\ShortLinksApi.App.csproj", "{BBA433C9-1C4D-4478-926C-87B524D01CA7}"
EndProject
Global
	GlobalSection(SolutionConfigurationPlatforms) = preSolution
		Debug|Any CPU = Debug|Any CPU
		Release|Any CPU = Release|Any CPU
	EndGlobalSection
	GlobalSection(ProjectConfigurationPlatforms) = postSolution
		{BBA433C9-1C4D-4478-926C-87B524D01CA7}.Debug|Any CPU.ActiveCfg = Debug|Any CPU
		{BBA433C9-1C4D-4478-926C-87B524D01CA7}.Debug|Any CPU.Build.0 = Debug|Any CPU
		{BBA433C9-1C4D-4478-926C-87B524D01CA7}.Release|Any CPU.ActiveCfg = Release|Any CPU
		{BBA433C9-1C4D-4478-926C-87B524D01CA7}.Release|Any CPU.Build.0 = Release|Any CPU
	EndGlobalSection
	GlobalSection(SolutionProperties) = preSolution
		HideSolutionNode = FALSE
	EndGlobalSection
	GlobalSection(NestedProjects) = preSolution
		{BBA433C9-1C4D-4478-926C-87B524D01CA7} = {7676D593-672F-4ECF-9507-62CFAC8D7CBE}
	EndGlobalSection
	GlobalSection(ExtensibilityGlobals) = postSolution
		SolutionGuid = {29497426-6D5D-4EAC-A4DE-FB372AB4621A}
	EndGlobalSection
EndGlobal
